// !$*UTF8*$!
{
	archiveVersion = 1;
	classes = {
	};
	objectVersion = 48;
	objects = {

/* Begin PBXBuildFile section */
		23690FB32DE87FE0E5F3A9D9 /* Pods_Custom_Notification_Badge_Universal_Handling.framework in Frameworks */ = {isa = PBXBuildFile; fileRef = 60D7386B4AA3D6DA47227DA0 /* Pods_Custom_Notification_Badge_Universal_Handling.framework */; };
		947254622139479700AD5CBC /* AppDelegate.swift in Sources */ = {isa = PBXBuildFile; fileRef = 947254612139479700AD5CBC /* AppDelegate.swift */; };
		947254642139479800AD5CBC /* ViewController.swift in Sources */ = {isa = PBXBuildFile; fileRef = 947254632139479800AD5CBC /* ViewController.swift */; };
		947254672139479800AD5CBC /* Main.storyboard in Resources */ = {isa = PBXBuildFile; fileRef = 947254652139479800AD5CBC /* Main.storyboard */; };
		947254692139479800AD5CBC /* Assets.xcassets in Resources */ = {isa = PBXBuildFile; fileRef = 947254682139479800AD5CBC /* Assets.xcassets */; };
		9472546C2139479800AD5CBC /* LaunchScreen.storyboard in Resources */ = {isa = PBXBuildFile; fileRef = 9472546A2139479800AD5CBC /* LaunchScreen.storyboard */; };
		947254782139480900AD5CBC /* MIBadgeButton.swift in Sources */ = {isa = PBXBuildFile; fileRef = 947254752139480900AD5CBC /* MIBadgeButton.swift */; };
		947254792139480900AD5CBC /* BMBadgeButton.swift in Sources */ = {isa = PBXBuildFile; fileRef = 947254762139480900AD5CBC /* BMBadgeButton.swift */; };
		9472547A2139480900AD5CBC /* NotificationManager.swift in Sources */ = {isa = PBXBuildFile; fileRef = 947254772139480900AD5CBC /* NotificationManager.swift */; };
		9472547C2139493700AD5CBC /* NotificationData.swift in Sources */ = {isa = PBXBuildFile; fileRef = 9472547B2139493700AD5CBC /* NotificationData.swift */; };
		9472547E2139550100AD5CBC /* ViewController1.swift in Sources */ = {isa = PBXBuildFile; fileRef = 9472547D2139550100AD5CBC /* ViewController1.swift */; };
/* End PBXBuildFile section */

/* Begin PBXFileReference section */
		60D7386B4AA3D6DA47227DA0 /* Pods_Custom_Notification_Badge_Universal_Handling.framework */ = {isa = PBXFileReference; explicitFileType = wrapper.framework; includeInIndex = 0; path = Pods_Custom_Notification_Badge_Universal_Handling.framework; sourceTree = BUILT_PRODUCTS_DIR; };
		8E726EBBC09C7C7438A1E5FA /* Pods-Custom Notification Badge Universal Handling.release.xcconfig */ = {isa = PBXFileReference; includeInIndex = 1; lastKnownFileType = text.xcconfig; name = "Pods-Custom Notification Badge Universal Handling.release.xcconfig"; path = "Pods/Target Support Files/Pods-Custom Notification Badge Universal Handling/Pods-Custom Notification Badge Universal Handling.release.xcconfig"; sourceTree = "<group>"; };
		8FF54B06031D5ED08EE9569C /* Pods-Custom Notification Badge Universal Handling.debug.xcconfig */ = {isa = PBXFileReference; includeInIndex = 1; lastKnownFileType = text.xcconfig; name = "Pods-Custom Notification Badge Universal Handling.debug.xcconfig"; path = "Pods/Target Support Files/Pods-Custom Notification Badge Universal Handling/Pods-Custom Notification Badge Universal Handling.debug.xcconfig"; sourceTree = "<group>"; };
		9472545E2139479700AD5CBC /* Custom Notification Badge Universal Handling.app */ = {isa = PBXFileReference; explicitFileType = wrapper.application; includeInIndex = 0; path = "Custom Notification Badge Universal Handling.app"; sourceTree = BUILT_PRODUCTS_DIR; };
		947254612139479700AD5CBC /* AppDelegate.swift */ = {isa = PBXFileReference; lastKnownFileType = sourcecode.swift; path = AppDelegate.swift; sourceTree = "<group>"; };
		947254632139479800AD5CBC /* ViewController.swift */ = {isa = PBXFileReference; lastKnownFileType = sourcecode.swift; path = ViewController.swift; sourceTree = "<group>"; };
		947254662139479800AD5CBC /* Base */ = {isa = PBXFileReference; lastKnownFileType = file.storyboard; name = Base; path = Base.lproj/Main.storyboard; sourceTree = "<group>"; };
		947254682139479800AD5CBC /* Assets.xcassets */ = {isa = PBXFileReference; lastKnownFileType = folder.assetcatalog; path = Assets.xcassets; sourceTree = "<group>"; };
		9472546B2139479800AD5CBC /* Base */ = {isa = PBXFileReference; lastKnownFileType = file.storyboard; name = Base; path = Base.lproj/LaunchScreen.storyboard; sourceTree = "<group>"; };
		9472546D2139479800AD5CBC /* Info.plist */ = {isa = PBXFileReference; lastKnownFileType = text.plist.xml; path = Info.plist; sourceTree = "<group>"; };
		947254752139480900AD5CBC /* MIBadgeButton.swift */ = {isa = PBXFileReference; fileEncoding = 4; lastKnownFileType = sourcecode.swift; path = MIBadgeButton.swift; sourceTree = "<group>"; };
		947254762139480900AD5CBC /* BMBadgeButton.swift */ = {isa = PBXFileReference; fileEncoding = 4; lastKnownFileType = sourcecode.swift; path = BMBadgeButton.swift; sourceTree = "<group>"; };
		947254772139480900AD5CBC /* NotificationManager.swift */ = {isa = PBXFileReference; fileEncoding = 4; lastKnownFileType = sourcecode.swift; path = NotificationManager.swift; sourceTree = "<group>"; };
		9472547B2139493700AD5CBC /* NotificationData.swift */ = {isa = PBXFileReference; lastKnownFileType = sourcecode.swift; path = NotificationData.swift; sourceTree = "<group>"; };
		9472547D2139550100AD5CBC /* ViewController1.swift */ = {isa = PBXFileReference; lastKnownFileType = sourcecode.swift; path = ViewController1.swift; sourceTree = "<group>"; };
/* End PBXFileReference section */

/* Begin PBXFrameworksBuildPhase section */
		9472545B2139479700AD5CBC /* Frameworks */ = {
			isa = PBXFrameworksBuildPhase;
			buildActionMask = 2147483647;
			files = (
				23690FB32DE87FE0E5F3A9D9 /* Pods_Custom_Notification_Badge_Universal_Handling.framework in Frameworks */,
			);
			runOnlyForDeploymentPostprocessing = 0;
		};
/* End PBXFrameworksBuildPhase section */

/* Begin PBXGroup section */
		15B80A92A7E0D5CCFFAF184C /* Pods */ = {
			isa = PBXGroup;
			children = (
				8FF54B06031D5ED08EE9569C /* Pods-Custom Notification Badge Universal Handling.debug.xcconfig */,
				8E726EBBC09C7C7438A1E5FA /* Pods-Custom Notification Badge Universal Handling.release.xcconfig */,
			);
			name = Pods;
			sourceTree = "<group>";
		};
		947254552139479700AD5CBC = {
			isa = PBXGroup;
			children = (
				947254602139479700AD5CBC /* Custom Notification Badge Universal Handling */,
				9472545F2139479700AD5CBC /* Products */,
				15B80A92A7E0D5CCFFAF184C /* Pods */,
				F895FB53762C8ACB02A50167 /* Frameworks */,
			);
			sourceTree = "<group>";
		};
		9472545F2139479700AD5CBC /* Products */ = {
			isa = PBXGroup;
			children = (
				9472545E2139479700AD5CBC /* Custom Notification Badge Universal Handling.app */,
			);
			name = Products;
			sourceTree = "<group>";
		};
		947254602139479700AD5CBC /* Custom Notification Badge Universal Handling */ = {
			isa = PBXGroup;
			children = (
				947254762139480900AD5CBC /* BMBadgeButton.swift */,
				947254752139480900AD5CBC /* MIBadgeButton.swift */,
				947254772139480900AD5CBC /* NotificationManager.swift */,
				9472547B2139493700AD5CBC /* NotificationData.swift */,
				947254612139479700AD5CBC /* AppDelegate.swift */,
				947254632139479800AD5CBC /* ViewController.swift */,
				947254652139479800AD5CBC /* Main.storyboard */,
				9472547D2139550100AD5CBC /* ViewController1.swift */,
				947254682139479800AD5CBC /* Assets.xcassets */,
				9472546A2139479800AD5CBC /* LaunchScreen.storyboard */,
				9472546D2139479800AD5CBC /* Info.plist */,
			);
			path = "Custom Notification Badge Universal Handling";
			sourceTree = "<group>";
		};
		F895FB53762C8ACB02A50167 /* Frameworks */ = {
			isa = PBXGroup;
			children = (
				60D7386B4AA3D6DA47227DA0 /* Pods_Custom_Notification_Badge_Universal_Handling.framework */,
			);
			name = Frameworks;
			sourceTree = "<group>";
		};
/* End PBXGroup section */

/* Begin PBXNativeTarget section */
		9472545D2139479700AD5CBC /* Custom Notification Badge Universal Handling */ = {
			isa = PBXNativeTarget;
			buildConfigurationList = 947254702139479800AD5CBC /* Build configuration list for PBXNativeTarget "Custom Notification Badge Universal Handling" */;
			buildPhases = (
				F8898ABFC3BB2B497B2DCC0F /* [CP] Check Pods Manifest.lock */,
				9472545A2139479700AD5CBC /* Sources */,
				9472545B2139479700AD5CBC /* Frameworks */,
				9472545C2139479700AD5CBC /* Resources */,
				8859A6DBF66338867493ECCB /* [CP] Embed Pods Frameworks */,
			);
			buildRules = (
			);
			dependencies = (
			);
			name = "Custom Notification Badge Universal Handling";
			productName = "Custom Notification Badge Universal Handling";
			productReference = 9472545E2139479700AD5CBC /* Custom Notification Badge Universal Handling.app */;
			productType = "com.apple.product-type.application";
		};
/* End PBXNativeTarget section */

/* Begin PBXProject section */
		947254562139479700AD5CBC /* Project object */ = {
			isa = PBXProject;
			attributes = {
				LastSwiftUpdateCheck = 0920;
				LastUpgradeCheck = 0920;
				ORGANIZATIONNAME = "Nitin Bhatia";
				TargetAttributes = {
					9472545D2139479700AD5CBC = {
						CreatedOnToolsVersion = 9.2;
						ProvisioningStyle = Automatic;
					};
				};
			};
			buildConfigurationList = 947254592139479700AD5CBC /* Build configuration list for PBXProject "Custom Notification Badge Universal Handling" */;
			compatibilityVersion = "Xcode 8.0";
			developmentRegion = en;
			hasScannedForEncodings = 0;
			knownRegions = (
				en,
				Base,
			);
			mainGroup = 947254552139479700AD5CBC;
			productRefGroup = 9472545F2139479700AD5CBC /* Products */;
			projectDirPath = "";
			projectRoot = "";
			targets = (
				9472545D2139479700AD5CBC /* Custom Notification Badge Universal Handling */,
			);
		};
/* End PBXProject section */

/* Begin PBXResourcesBuildPhase section */
		9472545C2139479700AD5CBC /* Resources */ = {
			isa = PBXResourcesBuildPhase;
			buildActionMask = 2147483647;
			files = (
				9472546C2139479800AD5CBC /* LaunchScreen.storyboard in Resources */,
				947254692139479800AD5CBC /* Assets.xcassets in Resources */,
				947254672139479800AD5CBC /* Main.storyboard in Resources */,
			);
			runOnlyForDeploymentPostprocessing = 0;
		};
/* End PBXResourcesBuildPhase section */

/* Begin PBXShellScriptBuildPhase section */
		8859A6DBF66338867493ECCB /* [CP] Embed Pods Frameworks */ = {
			isa = PBXShellScriptBuildPhase;
			buildActionMask = 2147483647;
			files = (
			);
			inputPaths = (
				"${SRCROOT}/Pods/Target Support Files/Pods-Custom Notification Badge Universal Handling/Pods-Custom Notification Badge Universal Handling-frameworks.sh",
				"${BUILT_PRODUCTS_DIR}/Material/Material.framework",
				"${BUILT_PRODUCTS_DIR}/Motion/Motion.framework",
			);
			name = "[CP] Embed Pods Frameworks";
			outputPaths = (
				"${TARGET_BUILD_DIR}/${FRAMEWORKS_FOLDER_PATH}/Material.framework",
				"${TARGET_BUILD_DIR}/${FRAMEWORKS_FOLDER_PATH}/Motion.framework",
			);
			runOnlyForDeploymentPostprocessing = 0;
			shellPath = /bin/sh;
			shellScript = "\"${SRCROOT}/Pods/Target Support Files/Pods-Custom Notification Badge Universal Handling/Pods-Custom Notification Badge Universal Handling-frameworks.sh\"\n";
			showEnvVarsInLog = 0;
		};
		F8898ABFC3BB2B497B2DCC0F /* [CP] Check Pods Manifest.lock */ = {
			isa = PBXShellScriptBuildPhase;
			buildActionMask = 2147483647;
			files = (
			);
			inputPaths = (
				"${PODS_PODFILE_DIR_PATH}/Podfile.lock",
				"${PODS_ROOT}/Manifest.lock",
			);
			name = "[CP] Check Pods Manifest.lock";
			outputPaths = (
				"$(DERIVED_FILE_DIR)/Pods-Custom Notification Badge Universal Handling-checkManifestLockResult.txt",
			);
			runOnlyForDeploymentPostprocessing = 0;
			shellPath = /bin/sh;
			shellScript = "diff \"${PODS_PODFILE_DIR_PATH}/Podfile.lock\" \"${PODS_ROOT}/Manifest.lock\" > /dev/null\nif [ $? != 0 ] ; then\n    # print error to STDERR\n    echo \"error: The sandbox is not in sync with the Podfile.lock. Run 'pod install' or update your CocoaPods installation.\" >&2\n    exit 1\nfi\n# This output is used by Xcode 'outputs' to avoid re-running this script phase.\necho \"SUCCESS\" > \"${SCRIPT_OUTPUT_FILE_0}\"\n";
			showEnvVarsInLog = 0;
		};
/* End PBXShellScriptBuildPhase section */

/* Begin PBXSourcesBuildPhase section */
		9472545A2139479700AD5CBC /* Sources */ = {
			isa = PBXSourcesBuildPhase;
			buildActionMask = 2147483647;
			files = (
				947254792139480900AD5CBC /* BMBadgeButton.swift in Sources */,
				947254642139479800AD5CBC /* ViewController.swift in Sources */,
				9472547A2139480900AD5CBC /* NotificationManager.swift in Sources */,
				947254782139480900AD5CBC /* MIBadgeButton.swift in Sources */,
				9472547E2139550100AD5CBC /* ViewController1.swift in Sources */,
				9472547C2139493700AD5CBC /* NotificationData.swift in Sources */,
				947254622139479700AD5CBC /* AppDelegate.swift in Sources */,
			);
			runOnlyForDeploymentPostprocessing = 0;
		};
/* End PBXSourcesBuildPhase section */

/* Begin PBXVariantGroup section */
		947254652139479800AD5CBC /* Main.storyboard */ = {
			isa = PBXVariantGroup;
			children = (
				947254662139479800AD5CBC /* Base */,
			);
			name = Main.storyboard;
			sourceTree = "<group>";
		};
		9472546A2139479800AD5CBC /* LaunchScreen.storyboard */ = {
			isa = PBXVariantGroup;
			children = (
				9472546B2139479800AD5CBC /* Base */,
			);
			name = LaunchScreen.storyboard;
			sourceTree = "<group>";
		};
/* End PBXVariantGroup section */

/* Begin XCBuildConfiguration section */
		9472546E2139479800AD5CBC /* Debug */ = {
			isa = XCBuildConfiguration;
			buildSettings = {
				ALWAYS_SEARCH_USER_PATHS = NO;
				CLANG_ANALYZER_NONNULL = YES;
				CLANG_ANALYZER_NUMBER_OBJECT_CONVERSION = YES_AGGRESSIVE;
				CLANG_CXX_LANGUAGE_STANDARD = "gnu++14";
				CLANG_CXX_LIBRARY = "libc++";
				CLANG_ENABLE_MODULES = YES;
				CLANG_ENABLE_OBJC_ARC = YES;
				CLANG_WARN_BLOCK_CAPTURE_AUTORELEASING = YES;
				CLANG_WARN_BOOL_CONVERSION = YES;
				CLANG_WARN_COMMA = YES;
				CLANG_WARN_CONSTANT_CONVERSION = YES;
				CLANG_WARN_DIRECT_OBJC_ISA_USAGE = YES_ERROR;
				CLANG_WARN_DOCUMENTATION_COMMENTS = YES;
				CLANG_WARN_EMPTY_BODY = YES;
				CLANG_WARN_ENUM_CONVERSION = YES;
				CLANG_WARN_INFINITE_RECURSION = YES;
				CLANG_WARN_INT_CONVERSION = YES;
				CLANG_WARN_NON_LITERAL_NULL_CONVERSION = YES;
				CLANG_WARN_OBJC_LITERAL_CONVERSION = YES;
				CLANG_WARN_OBJC_ROOT_CLASS = YES_ERROR;
				CLANG_WARN_RANGE_LOOP_ANALYSIS = YES;
				CLANG_WARN_STRICT_PROTOTYPES = YES;
				CLANG_WARN_SUSPICIOUS_MOVE = YES;
				CLANG_WARN_UNGUARDED_AVAILABILITY = YES_AGGRESSIVE;
				CLANG_WARN_UNREACHABLE_CODE = YES;
				CLANG_WARN__DUPLICATE_METHOD_MATCH = YES;
				CODE_SIGN_IDENTITY = "iPhone Developer";
				COPY_PHASE_STRIP = NO;
				DEBUG_INFORMATION_FORMAT = dwarf;
				ENABLE_STRICT_OBJC_MSGSEND = YES;
				ENABLE_TESTABILITY = YES;
				GCC_C_LANGUAGE_STANDARD = gnu11;
				GCC_DYNAMIC_NO_PIC = NO;
				GCC_NO_COMMON_BLOCKS = YES;
				GCC_OPTIMIZATION_LEVEL = 0;
				GCC_PREPROCESSOR_DEFINITIONS = (
					"DEBUG=1",
					"$(inherited)",
				);
				GCC_WARN_64_TO_32_BIT_CONVERSION = YES;
				GCC_WARN_ABOUT_RETURN_TYPE = YES_ERROR;
				GCC_WARN_UNDECLARED_SELECTOR = YES;
				GCC_WARN_UNINITIALIZED_AUTOS = YES_AGGRESSIVE;
				GCC_WARN_UNUSED_FUNCTION = YES;
				GCC_WARN_UNUSED_VARIABLE = YES;
				IPHONEOS_DEPLOYMENT_TARGET = 11.2;
				MTL_ENABLE_DEBUG_INFO = YES;
				ONLY_ACTIVE_ARCH = YES;
				SDKROOT = iphoneos;
				SWIFT_ACTIVE_COMPILATION_CONDITIONS = DEBUG;
				SWIFT_OPTIMIZATION_LEVEL = "-Onone";
			};
			name = Debug;
		};
		9472546F2139479800AD5CBC /* Release */ = {
			isa = XCBuildConfiguration;
			buildSettings = {
				ALWAYS_SEARCH_USER_PATHS = NO;
				CLANG_ANALYZER_NONNULL = YES;
				CLANG_ANALYZER_NUMBER_OBJECT_CONVERSION = YES_AGGRESSIVE;
				CLANG_CXX_LANGUAGE_STANDARD = "gnu++14";
				CLANG_CXX_LIBRARY = "libc++";
				CLANG_ENABLE_MODULES = YES;
				CLANG_ENABLE_OBJC_ARC = YES;
				CLANG_WARN_BLOCK_CAPTURE_AUTORELEASING = YES;
				CLANG_WARN_BOOL_CONVERSION = YES;
				CLANG_WARN_COMMA = YES;
				CLANG_WARN_CONSTANT_CONVERSION = YES;
				CLANG_WARN_DIRECT_OBJC_ISA_USAGE = YES_ERROR;
				CLANG_WARN_DOCUMENTATION_COMMENTS = YES;
				CLANG_WARN_EMPTY_BODY = YES;
				CLANG_WARN_ENUM_CONVERSION = YES;
				CLANG_WARN_INFINITE_RECURSION = YES;
				CLANG_WARN_INT_CONVERSION = YES;
				CLANG_WARN_NON_LITERAL_NULL_CONVERSION = YES;
				CLANG_WARN_OBJC_LITERAL_CONVERSION = YES;
				CLANG_WARN_OBJC_ROOT_CLASS = YES_ERROR;
				CLANG_WARN_RANGE_LOOP_ANALYSIS = YES;
				CLANG_WARN_STRICT_PROTOTYPES = YES;
				CLANG_WARN_SUSPICIOUS_MOVE = YES;
				CLANG_WARN_UNGUARDED_AVAILABILITY = YES_AGGRESSIVE;
				CLANG_WARN_UNREACHABLE_CODE = YES;
				CLANG_WARN__DUPLICATE_METHOD_MATCH = YES;
				CODE_SIGN_IDENTITY = "iPhone Developer";
				COPY_PHASE_STRIP = NO;
				DEBUG_INFORMATION_FORMAT = "dwarf-with-dsym";
				ENABLE_NS_ASSERTIONS = NO;
				ENABLE_STRICT_OBJC_MSGSEND = YES;
				GCC_C_LANGUAGE_STANDARD = gnu11;
				GCC_NO_COMMON_BLOCKS = YES;
				GCC_WARN_64_TO_32_BIT_CONVERSION = YES;
				GCC_WARN_ABOUT_RETURN_TYPE = YES_ERROR;
				GCC_WARN_UNDECLARED_SELECTOR = YES;
				GCC_WARN_UNINITIALIZED_AUTOS = YES_AGGRESSIVE;
				GCC_WARN_UNUSED_FUNCTION = YES;
				GCC_WARN_UNUSED_VARIABLE = YES;
				IPHONEOS_DEPLOYMENT_TARGET = 11.2;
				MTL_ENABLE_DEBUG_INFO = NO;
				SDKROOT = iphoneos;
				SWIFT_OPTIMIZATION_LEVEL = "-Owholemodule";
				VALIDATE_PRODUCT = YES;
			};
			name = Release;
		};
		947254712139479800AD5CBC /* Debug */ = {
			isa = XCBuildConfiguration;
			baseConfigurationReference = 8FF54B06031D5ED08EE9569C /* Pods-Custom Notification Badge Universal Handling.debug.xcconfig */;
			buildSettings = {
				ASSETCATALOG_COMPILER_APPICON_NAME = AppIcon;
				CODE_SIGN_STYLE = Automatic;
				INFOPLIST_FILE = "Custom Notification Badge Universal Handling/Info.plist";
				LD_RUNPATH_SEARCH_PATHS = "$(inherited) @executable_path/Frameworks";
				PRODUCT_BUNDLE_IDENTIFIER = "Nitin-Bhatia.Custom-Notification-Badge-Universal-Handling";
				PRODUCT_NAME = "$(TARGET_NAME)";
				SWIFT_VERSION = 4.0;
				TARGETED_DEVICE_FAMILY = "1,2";
			};
			name = Debug;
		};
		947254722139479800AD5CBC /* Release */ = {
			isa = XCBuildConfiguration;
			baseConfigurationReference = 8E726EBBC09C7C7438A1E5FA /* Pods-Custom Notification Badge Universal Handling.release.xcconfig */;
			buildSettings = {
				ASSETCATALOG_COMPILER_APPICON_NAME = AppIcon;
				CODE_SIGN_STYLE = Automatic;
				INFOPLIST_FILE = "Custom Notification Badge Universal Handling/Info.plist";
				LD_RUNPATH_SEARCH_PATHS = "$(inherited) @executable_path/Frameworks";
				PRODUCT_BUNDLE_IDENTIFIER = "Nitin-Bhatia.Custom-Notification-Badge-Universal-Handling";
				PRODUCT_NAME = "$(TARGET_NAME)";
				SWIFT_VERSION = 4.0;
				TARGETED_DEVICE_FAMILY = "1,2";
			};
			name = Release;
		};
/* End XCBuildConfiguration section */

/* Begin XCConfigurationList section */
		947254592139479700AD5CBC /* Build configuration list for PBXProject "Custom Notification Badge Universal Handling" */ = {
			isa = XCConfigurationList;
			buildConfigurations = (
				9472546E2139479800AD5CBC /* Debug */,
				9472546F2139479800AD5CBC /* Release */,
			);
			defaultConfigurationIsVisible = 0;
			defaultConfigurationName = Release;
		};
		947254702139479800AD5CBC /* Build configuration list for PBXNativeTarget "Custom Notification Badge Universal Handling" */ = {
			isa = XCConfigurationList;
			buildConfigurations = (
				947254712139479800AD5CBC /* Debug */,
				947254722139479800AD5CBC /* Release */,
			);
			defaultConfigurationIsVisible = 0;
			defaultConfigurationName = Release;
		};
/* End XCConfigurationList section */
	};
	rootObject = 947254562139479700AD5CBC /* Project object */;
}
